
Microsoft Visual Studio Solution File, Format Version 12.00
# Visual Studio Version 17
VisualStudioVersion = 17.9.34728.123
MinimumVisualStudioVersion = 10.0.40219.1
Project("{FAE04EC0-301F-11D3-BF4B-00C04F79EFBC}") = "TestProject1", "TestProject1\TestProject1.csproj", "{0A25BE90-5C6A-4682-B311-EF3A10C39F55}"
EndProject
Global
	GlobalSection(SolutionConfigurationPlatforms) = preSolution
		Debug|Any CPU = Debug|Any CPU
		Release|Any CPU = Release|Any CPU
	EndGlobalSection
	GlobalSection(ProjectConfigurationPlatforms) = postSolution
		{0A25BE90-5C6A-4682-B311-EF3A10C39F55}.Debug|Any CPU.ActiveCfg = Debug|Any CPU
		{0A25BE90-5C6A-4682-B311-EF3A10C39F55}.Debug|Any CPU.Build.0 = Debug|Any CPU
		{0A25BE90-5C6A-4682-B311-EF3A10C39F55}.Release|Any CPU.ActiveCfg = Release|Any CPU
		{0A25BE90-5C6A-4682-B311-EF3A10C39F55}.Release|Any CPU.Build.0 = Release|Any CPU
	EndGlobalSection
	GlobalSection(SolutionProperties) = preSolution
		HideSolutionNode = FALSE
	EndGlobalSection
	GlobalSection(ExtensibilityGlobals) = postSolution
		SolutionGuid = {F126CB2A-9EAE-41A3-A6D4-CDFAE3D73118}
	EndGlobalSection
EndGlobal
